
Microsoft Visual Studio Solution File, Format Version 12.00
# Visual Studio 15
VisualStudioVersion = 15.0.26730.15
MinimumVisualStudioVersion = 10.0.40219.1
Project("{8BC9CEB8-8B4A-11D0-8D11-00A0C91BC942}") = "HW1_2.24", "HW1_2.24\HW1_2.24.vcxproj", "{4644A58B-6900-47E5-B4E9-471E3D3692EA}"
EndProject
Global
	GlobalSection(SolutionConfigurationPlatforms) = preSolution
		Debug|x64 = Debug|x64
		Debug|x86 = Debug|x86
		Release|x64 = Release|x64
		Release|x86 = Release|x86
	EndGlobalSection
	GlobalSection(ProjectConfigurationPlatforms) = postSolution
		{4644A58B-6900-47E5-B4E9-471E3D3692EA}.Debug|x64.ActiveCfg = Debug|x64
		{4644A58B-6900-47E5-B4E9-471E3D3692EA}.Debug|x64.Build.0 = Debug|x64
		{4644A58B-6900-47E5-B4E9-471E3D3692EA}.Debug|x86.ActiveCfg = Debug|Win32
		{4644A58B-6900-47E5-B4E9-471E3D3692EA}.Debug|x86.Build.0 = Debug|Win32
		{4644A58B-6900-47E5-B4E9-471E3D3692EA}.Release|x64.ActiveCfg = Release|x64
		{4644A58B-6900-47E5-B4E9-471E3D3692EA}.Release|x64.Build.0 = Release|x64
		{4644A58B-6900-47E5-B4E9-471E3D3692EA}.Release|x86.ActiveCfg = Release|Win32
		{4644A58B-6900-47E5-B4E9-471E3D3692EA}.Release|x86.Build.0 = Release|Win32
	EndGlobalSection
	GlobalSection(SolutionProperties) = preSolution
		HideSolutionNode = FALSE
	EndGlobalSection
	GlobalSection(ExtensibilityGlobals) = postSolution
		SolutionGuid = {27C3E04F-6D16-4C76-AB36-95ED7668D2C6}
	EndGlobalSection
EndGlobal
